
Microsoft Visual Studio Solution File, Format Version 12.00
# Visual Studio 15
VisualStudioVersion = 15.0.26730.16
MinimumVisualStudioVersion = 10.0.40219.1
Project("{FAE04EC0-301F-11D3-BF4B-00C04F79EFBC}") = "SemanticCube", "SemanticCube\SemanticCube.csproj", "{8E0340B5-DC87-4469-82BF-9BD853C19BC9}"
EndProject
Project("{FAE04EC0-301F-11D3-BF4B-00C04F79EFBC}") = "UT", "UT\UT.csproj", "{8F36BAA7-272C-43E0-9664-2C8E01189AC3}"
EndProject
Global
	GlobalSection(SolutionConfigurationPlatforms) = preSolution
		Debug|ARM = Debug|ARM
		Debug|x64 = Debug|x64
		Debug|x86 = Debug|x86
		Release|ARM = Release|ARM
		Release|x64 = Release|x64
		Release|x86 = Release|x86
	EndGlobalSection
	GlobalSection(ProjectConfigurationPlatforms) = postSolution
		{8E0340B5-DC87-4469-82BF-9BD853C19BC9}.Debug|ARM.ActiveCfg = Debug|ARM
		{8E0340B5-DC87-4469-82BF-9BD853C19BC9}.Debug|ARM.Build.0 = Debug|ARM
		{8E0340B5-DC87-4469-82BF-9BD853C19BC9}.Debug|ARM.Deploy.0 = Debug|ARM
		{8E0340B5-DC87-4469-82BF-9BD853C19BC9}.Debug|x64.ActiveCfg = Debug|x64
		{8E0340B5-DC87-4469-82BF-9BD853C19BC9}.Debug|x64.Build.0 = Debug|x64
		{8E0340B5-DC87-4469-82BF-9BD853C19BC9}.Debug|x64.Deploy.0 = Debug|x64
		{8E0340B5-DC87-4469-82BF-9BD853C19BC9}.Debug|x86.ActiveCfg = Debug|x86
		{8E0340B5-DC87-4469-82BF-9BD853C19BC9}.Debug|x86.Build.0 = Debug|x86
		{8E0340B5-DC87-4469-82BF-9BD853C19BC9}.Debug|x86.Deploy.0 = Debug|x86
		{8E0340B5-DC87-4469-82BF-9BD853C19BC9}.Release|ARM.ActiveCfg = Release|ARM
		{8E0340B5-DC87-4469-82BF-9BD853C19BC9}.Release|ARM.Build.0 = Release|ARM
		{8E0340B5-DC87-4469-82BF-9BD853C19BC9}.Release|ARM.Deploy.0 = Release|ARM
		{8E0340B5-DC87-4469-82BF-9BD853C19BC9}.Release|x64.ActiveCfg = Release|x64
		{8E0340B5-DC87-4469-82BF-9BD853C19BC9}.Release|x64.Build.0 = Release|x64
		{8E0340B5-DC87-4469-82BF-9BD853C19BC9}.Release|x64.Deploy.0 = Release|x64
		{8E0340B5-DC87-4469-82BF-9BD853C19BC9}.Release|x86.ActiveCfg = Release|x86
		{8E0340B5-DC87-4469-82BF-9BD853C19BC9}.Release|x86.Build.0 = Release|x86
		{8E0340B5-DC87-4469-82BF-9BD853C19BC9}.Release|x86.Deploy.0 = Release|x86
		{8F36BAA7-272C-43E0-9664-2C8E01189AC3}.Debug|ARM.ActiveCfg = Debug|ARM
		{8F36BAA7-272C-43E0-9664-2C8E01189AC3}.Debug|ARM.Build.0 = Debug|ARM
		{8F36BAA7-272C-43E0-9664-2C8E01189AC3}.Debug|ARM.Deploy.0 = Debug|ARM
		{8F36BAA7-272C-43E0-9664-2C8E01189AC3}.Debug|x64.ActiveCfg = Debug|x64
		{8F36BAA7-272C-43E0-9664-2C8E01189AC3}.Debug|x64.Build.0 = Debug|x64
		{8F36BAA7-272C-43E0-9664-2C8E01189AC3}.Debug|x64.Deploy.0 = Debug|x64
		{8F36BAA7-272C-43E0-9664-2C8E01189AC3}.Debug|x86.ActiveCfg = Debug|x86
		{8F36BAA7-272C-43E0-9664-2C8E01189AC3}.Debug|x86.Build.0 = Debug|x86
		{8F36BAA7-272C-43E0-9664-2C8E01189AC3}.Debug|x86.Deploy.0 = Debug|x86
		{8F36BAA7-272C-43E0-9664-2C8E01189AC3}.Release|ARM.ActiveCfg = Release|ARM
		{8F36BAA7-272C-43E0-9664-2C8E01189AC3}.Release|ARM.Build.0 = Release|ARM
		{8F36BAA7-272C-43E0-9664-2C8E01189AC3}.Release|ARM.Deploy.0 = Release|ARM
		{8F36BAA7-272C-43E0-9664-2C8E01189AC3}.Release|x64.ActiveCfg = Release|x64
		{8F36BAA7-272C-43E0-9664-2C8E01189AC3}.Release|x64.Build.0 = Release|x64
		{8F36BAA7-272C-43E0-9664-2C8E01189AC3}.Release|x64.Deploy.0 = Release|x64
		{8F36BAA7-272C-43E0-9664-2C8E01189AC3}.Release|x86.ActiveCfg = Release|x86
		{8F36BAA7-272C-43E0-9664-2C8E01189AC3}.Release|x86.Build.0 = Release|x86
		{8F36BAA7-272C-43E0-9664-2C8E01189AC3}.Release|x86.Deploy.0 = Release|x86
	EndGlobalSection
	GlobalSection(SolutionProperties) = preSolution
		HideSolutionNode = FALSE
	EndGlobalSection
	GlobalSection(ExtensibilityGlobals) = postSolution
		SolutionGuid = {0F2FE61F-954B-4AF8-8334-C54F587B0694}
	EndGlobalSection
EndGlobal
